{
  "nodes": {
    "claude-code-overlay": {
      "inputs": {
        "nixpkgs": [
          "nixpkgs"
        ]
      },
      "locked": {
        "lastModified": 1775261198,
        "narHash": "sha256-BdXWR+LoP8K0V71oT1pNXdlajowVxaLiXXeDXMdvLoM=",
        "owner": "ryoppippi",
        "repo": "claude-code-overlay",
        "rev": "e4ec05a124e6a206e405091f245449291c58e8b6",
        "type": "github"
      },
      "original": {
        "owner": "ryoppippi",
        "repo": "claude-code-overlay",
        "type": "github"
      }
    },
    "flake-parts": {
      "inputs": {
        "nixpkgs-lib": [
          "nixvim",
          "nixpkgs"
        ]
      },
      "locked": {
        "lastModified": 1769996383,
        "narHash": "sha256-AnYjnFWgS49RlqX7LrC4uA+sCCDBj0Ry/WOJ5XWAsa0=",
        "owner": "hercules-ci",
        "repo": "flake-parts",
        "rev": "57928607ea566b5db3ad13af0e57e921e6b12381",
        "type": "github"
      },
      "original": {
        "owner": "hercules-ci",
        "repo": "flake-parts",
        "type": "github"
      }
    },
    "home-manager": {
      "inputs": {
        "nixpkgs": [
          "nixpkgs"
        ]
      },
      "locked": {
        "lastModified": 1775457580,
        "narHash": "sha256-ikws/ssAmG20AGrEwBuwspwPlkubJu34mB+Uz2fJBJs=",
        "owner": "nix-community",
        "repo": "home-manager",
        "rev": "5de7dbd151b0bd65d45785553d4a22d832733ffc",
        "type": "github"
      },
      "original": {
        "owner": "nix-community",
        "repo": "home-manager",
        "type": "github"
      }
    },
    "nix-index-database": {
      "inputs": {
        "nixpkgs": [
          "nixpkgs"
        ]
      },
      "locked": {
        "lastModified": 1775365369,
        "narHash": "sha256-DgH5mveLoau20CuTnaU5RXZWgFQWn56onQ4Du2CqYoI=",
        "owner": "nix-community",
        "repo": "nix-index-database",
        "rev": "cef5cf82671e749ac87d69aadecbb75967e6f6c3",
        "type": "github"
      },
      "original": {
        "owner": "nix-community",
        "repo": "nix-index-database",
        "type": "github"
      }
    },
    "nixpkgs": {
      "locked": {
        "lastModified": 1775423009,
        "narHash": "sha256-vPKLpjhIVWdDrfiUM8atW6YkIggCEKdSAlJPzzhkQlw=",
        "owner": "NixOS",
        "repo": "nixpkgs",
        "rev": "68d8aa3d661f0e6bd5862291b5bb263b2a6595c9",
        "type": "github"
      },
      "original": {
        "owner": "NixOS",
        "ref": "nixos-unstable",
        "repo": "nixpkgs",
        "type": "github"
      }
    },
    "nixvim": {
      "inputs": {
        "flake-parts": "flake-parts",
        "nixpkgs": [
          "nixpkgs"
        ],
        "systems": "systems"
      },
      "locked": {
        "lastModified": 1775307257,
        "narHash": "sha256-y9hEecHH4ennFwIcw1n480YCGh73DkEmizmQnyXuvgg=",
        "owner": "nix-community",
        "repo": "nixvim",
        "rev": "2e008bb941f72379d5b935d5bfe70ed8b7c793ff",
        "type": "github"
      },
      "original": {
        "owner": "nix-community",
        "repo": "nixvim",
        "type": "github"
      }
    },
    "quickshell": {
      "inputs": {
        "nixpkgs": [
          "nixpkgs"
        ]
      },
      "locked": {
        "lastModified": 1775637315,
        "narHash": "sha256-HjoClXqkEFR8o2LRBLQOKFpHr9Nr5EkO83neeV3Qrjo=",
        "ref": "refs/heads/master",
        "rev": "7208f68bb7f4bf7e476b828decde1321ae544f5d",
        "revCount": 798,
        "type": "git",
        "url": "https://git.outfoxxed.me/outfoxxed/quickshell"
      },
      "original": {
        "type": "git",
        "url": "https://git.outfoxxed.me/outfoxxed/quickshell"
      }
    },
    "root": {
      "inputs": {
        "claude-code-overlay": "claude-code-overlay",
        "home-manager": "home-manager",
        "nix-index-database": "nix-index-database",
        "nixpkgs": "nixpkgs",
        "nixvim": "nixvim",
        "quickshell": "quickshell"
      }
    },
    "systems": {
      "locked": {
        "lastModified": 1681028828,
        "narHash": "sha256-Vy1rq5AaRuLzOxct8nz4T6wlgyUR7zLU309k9mBC768=",
        "owner": "nix-systems",
        "repo": "default",
        "rev": "da67096a3b9bf56a91d16901293e51ba5b49a27e",
        "type": "github"
      },
      "original": {
        "owner": "nix-systems",
        "repo": "default",
        "type": "github"
      }
    }
  },
  "root": "root",
  "version": 7
}
